
Microsoft Visual Studio Solution File, Format Version 12.00
# Visual Studio Version 17
VisualStudioVersion = 17.13.35825.156 d17.13
MinimumVisualStudioVersion = 10.0.40219.1
Project("{FAE04EC0-301F-11D3-BF4B-00C04F79EFBC}") = "GaleriaOnline.WebApi", "GaleriaOnline.WebApi.csproj", "{C473A0FD-CE5D-4B41-8938-68C9EE5BB6A9}"
EndProject
Global
	GlobalSection(SolutionConfigurationPlatforms) = preSolution
		Debug|Any CPU = Debug|Any CPU
		Release|Any CPU = Release|Any CPU
	EndGlobalSection
	GlobalSection(ProjectConfigurationPlatforms) = postSolution
		{C473A0FD-CE5D-4B41-8938-68C9EE5BB6A9}.Debug|Any CPU.ActiveCfg = Debug|Any CPU
		{C473A0FD-CE5D-4B41-8938-68C9EE5BB6A9}.Debug|Any CPU.Build.0 = Debug|Any CPU
		{C473A0FD-CE5D-4B41-8938-68C9EE5BB6A9}.Release|Any CPU.ActiveCfg = Release|Any CPU
		{C473A0FD-CE5D-4B41-8938-68C9EE5BB6A9}.Release|Any CPU.Build.0 = Release|Any CPU
	EndGlobalSection
	GlobalSection(SolutionProperties) = preSolution
		HideSolutionNode = FALSE
	EndGlobalSection
	GlobalSection(ExtensibilityGlobals) = postSolution
		SolutionGuid = {E6633494-2041-42F1-85F1-80B9E143C7DD}
	EndGlobalSection
EndGlobal
